Microsoft Visual Studio Solution File, Format Version 12.00
# Visual Studio Version 17
VisualStudioVersion = 17.5.2.0
MinimumVisualStudioVersion = 10.0.40219.1
Project("{FAE04EC0-301F-11D3-BF4B-00C04F79EFBC}") = "MM-POO-08-2025", "MM-POO-08-2025.csproj", "{63E262AA-B02F-0B99-7AF3-7B6A0D1BF557}"
EndProject
Global
	GlobalSection(SolutionConfigurationPlatforms) = preSolution
		Debug|Any CPU = Debug|Any CPU
		Release|Any CPU = Release|Any CPU
	EndGlobalSection
	GlobalSection(ProjectConfigurationPlatforms) = postSolution
		{63E262AA-B02F-0B99-7AF3-7B6A0D1BF557}.Debug|Any CPU.ActiveCfg = Debug|Any CPU
		{63E262AA-B02F-0B99-7AF3-7B6A0D1BF557}.Debug|Any CPU.Build.0 = Debug|Any CPU
		{63E262AA-B02F-0B99-7AF3-7B6A0D1BF557}.Release|Any CPU.ActiveCfg = Release|Any CPU
		{63E262AA-B02F-0B99-7AF3-7B6A0D1BF557}.Release|Any CPU.Build.0 = Release|Any CPU
	EndGlobalSection
	GlobalSection(SolutionProperties) = preSolution
		HideSolutionNode = FALSE
	EndGlobalSection
	GlobalSection(ExtensibilityGlobals) = postSolution
		SolutionGuid = {B181E102-5810-4D20-AA8E-DED22F6A04B1}
	EndGlobalSection
EndGlobal
